
Microsoft Visual Studio Solution File, Format Version 12.00
# Visual Studio 14
VisualStudioVersion = 14.0.25420.1
MinimumVisualStudioVersion = 10.0.40219.1
Project("{FAE04EC0-301F-11D3-BF4B-00C04F79EFBC}") = "Assignment1", "CS3280\Assignment1.csproj", "{BC9259C3-1D3A-4CD4-9A15-7DCF0C5FCD25}"
EndProject
Global
	GlobalSection(SolutionConfigurationPlatforms) = preSolution
		Debug|Any CPU = Debug|Any CPU
		Release|Any CPU = Release|Any CPU
	EndGlobalSection
	GlobalSection(ProjectConfigurationPlatforms) = postSolution
		{BC9259C3-1D3A-4CD4-9A15-7DCF0C5FCD25}.Debug|Any CPU.ActiveCfg = Debug|Any CPU
		{BC9259C3-1D3A-4CD4-9A15-7DCF0C5FCD25}.Debug|Any CPU.Build.0 = Debug|Any CPU
		{BC9259C3-1D3A-4CD4-9A15-7DCF0C5FCD25}.Release|Any CPU.ActiveCfg = Release|Any CPU
		{BC9259C3-1D3A-4CD4-9A15-7DCF0C5FCD25}.Release|Any CPU.Build.0 = Release|Any CPU
	EndGlobalSection
	GlobalSection(SolutionProperties) = preSolution
		HideSolutionNode = FALSE
	EndGlobalSection
EndGlobal
